
Microsoft Visual Studio Solution File, Format Version 12.00
# Visual Studio Version 17
VisualStudioVersion = 17.4.33110.190
MinimumVisualStudioVersion = 10.0.40219.1
Project("{8BC9CEB8-8B4A-11D0-8D11-00A0C91BC942}") = "Circuito", "Circuito\Circuito.vcxproj", "{86893AE2-E82D-4905-8C65-8FCA42383BB7}"
EndProject
Global
	GlobalSection(SolutionConfigurationPlatforms) = preSolution
		Debug|x64 = Debug|x64
		Debug|x86 = Debug|x86
		Release|x64 = Release|x64
		Release|x86 = Release|x86
	EndGlobalSection
	GlobalSection(ProjectConfigurationPlatforms) = postSolution
		{86893AE2-E82D-4905-8C65-8FCA42383BB7}.Debug|x64.ActiveCfg = Debug|x64
		{86893AE2-E82D-4905-8C65-8FCA42383BB7}.Debug|x64.Build.0 = Debug|x64
		{86893AE2-E82D-4905-8C65-8FCA42383BB7}.Debug|x86.ActiveCfg = Debug|Win32
		{86893AE2-E82D-4905-8C65-8FCA42383BB7}.Debug|x86.Build.0 = Debug|Win32
		{86893AE2-E82D-4905-8C65-8FCA42383BB7}.Release|x64.ActiveCfg = Release|x64
		{86893AE2-E82D-4905-8C65-8FCA42383BB7}.Release|x64.Build.0 = Release|x64
		{86893AE2-E82D-4905-8C65-8FCA42383BB7}.Release|x86.ActiveCfg = Release|Win32
		{86893AE2-E82D-4905-8C65-8FCA42383BB7}.Release|x86.Build.0 = Release|Win32
	EndGlobalSection
	GlobalSection(SolutionProperties) = preSolution
		HideSolutionNode = FALSE
	EndGlobalSection
	GlobalSection(ExtensibilityGlobals) = postSolution
		SolutionGuid = {E3E7D1C0-7298-4C48-8B7D-2EAEF60AC24E}
	EndGlobalSection
EndGlobal
